// !$*UTF8*$!
{
	archiveVersion = 1;
	classes = {
	};
	objectVersion = 46;
	objects = {

/* Begin PBXBuildFile section */
		2E194E0417E9EE7A0075C651 /* hglass.png in Resources */ = {isa = PBXBuildFile; fileRef = 2E194E0317E9EE7A0075C651 /* hglass.png */; };
		2E210499151ED7BB00D0B523 /* UIKit.framework in Frameworks */ = {isa = PBXBuildFile; fileRef = 2E210498151ED7BA00D0B523 /* UIKit.framework */; };
		2E21049B151ED7BB00D0B523 /* Foundation.framework in Frameworks */ = {isa = PBXBuildFile; fileRef = 2E21049A151ED7BB00D0B523 /* Foundation.framework */; };
		2E21049D151ED7BB00D0B523 /* CoreGraphics.framework in Frameworks */ = {isa = PBXBuildFile; fileRef = 2E21049C151ED7BB00D0B523 /* CoreGraphics.framework */; };
		2E2104A3151ED7BB00D0B523 /* InfoPlist.strings in Resources */ = {isa = PBXBuildFile; fileRef = 2E2104A1151ED7BB00D0B523 /* InfoPlist.strings */; };
		2E2104A5151ED7BB00D0B523 /* main.m in Sources */ = {isa = PBXBuildFile; fileRef = 2E2104A4151ED7BB00D0B523 /* main.m */; };
		2E2104AC151ED7BB00D0B523 /* ViewController.m in Sources */ = {isa = PBXBuildFile; fileRef = 2E2104AB151ED7BB00D0B523 /* ViewController.m */; };
		2E2104AF151ED7BB00D0B523 /* ViewController.xib in Resources */ = {isa = PBXBuildFile; fileRef = 2E2104AD151ED7BB00D0B523 /* ViewController.xib */; };
		2E2104B8151ED7BB00D0B523 /* UIKit.framework in Frameworks */ = {isa = PBXBuildFile; fileRef = 2E210498151ED7BA00D0B523 /* UIKit.framework */; };
		2E2104B9151ED7BB00D0B523 /* Foundation.framework in Frameworks */ = {isa = PBXBuildFile; fileRef = 2E21049A151ED7BB00D0B523 /* Foundation.framework */; };
		2E2104C1151ED7BB00D0B523 /* InfoPlist.strings in Resources */ = {isa = PBXBuildFile; fileRef = 2E2104BF151ED7BB00D0B523 /* InfoPlist.strings */; };
		2E2104C4151ED7BB00D0B523 /* LifeCountDownTests.m in Sources */ = {isa = PBXBuildFile; fileRef = 2E2104C3151ED7BB00D0B523 /* LifeCountDownTests.m */; };
		2E2104D4151ED8A400D0B523 /* ConfigViewController.m in Sources */ = {isa = PBXBuildFile; fileRef = 2E2104D2151ED8A400D0B523 /* ConfigViewController.m */; };
		2E2104D5151ED8A400D0B523 /* ConfigViewController.m in Sources */ = {isa = PBXBuildFile; fileRef = 2E2104D2151ED8A400D0B523 /* ConfigViewController.m */; };
		2E2104D6151ED8A400D0B523 /* ConfigViewController.xib in Resources */ = {isa = PBXBuildFile; fileRef = 2E2104D3151ED8A400D0B523 /* ConfigViewController.xib */; };
		2E2104D7151ED8A400D0B523 /* ConfigViewController.xib in Resources */ = {isa = PBXBuildFile; fileRef = 2E2104D3151ED8A400D0B523 /* ConfigViewController.xib */; };
		2E27E813177C134C009FBFC7 /* HelpView.m in Sources */ = {isa = PBXBuildFile; fileRef = 2E27E812177C134C009FBFC7 /* HelpView.m */; };
		2E2C23A31799E676003551F6 /* DateCalculationUtil.m in Sources */ = {isa = PBXBuildFile; fileRef = 2E83347A15E026F800E2A5BB /* DateCalculationUtil.m */; };
		2E428A611854131A000E79E7 /* AppDelegate.m in Sources */ = {isa = PBXBuildFile; fileRef = 2E2104A8151ED7BB00D0B523 /* AppDelegate.m */; };
		2E47C1A215CF93F1002213C3 /* Data.plist in Resources */ = {isa = PBXBuildFile; fileRef = 2E47C1A115CF93F1002213C3 /* Data.plist */; };
		2E4A0348173DF88E00C23B8B /* QuartzCore.framework in Frameworks */ = {isa = PBXBuildFile; fileRef = 2E4A0347173DF88E00C23B8B /* QuartzCore.framework */; };
		2E4C77F0188F998B00D0910A /* Accounts.framework in Frameworks */ = {isa = PBXBuildFile; fileRef = 2E4C77EF188F998B00D0910A /* Accounts.framework */; };
		2E4C77F2188F999400D0910A /* Social.framework in Frameworks */ = {isa = PBXBuildFile; fileRef = 2E4C77F1188F999400D0910A /* Social.framework */; };
		2E5B774E183C73CC00CC6510 /* IpadControllerViewController.m in Sources */ = {isa = PBXBuildFile; fileRef = 2E5B774C183C73CC00CC6510 /* IpadControllerViewController.m */; };
		2E5B774F183C73CC00CC6510 /* IpadControllerViewController.xib in Resources */ = {isa = PBXBuildFile; fileRef = 2E5B774D183C73CC00CC6510 /* IpadControllerViewController.xib */; };
		2E645E3F1617B2260083699A /* DateCalculationUtilTest.m in Sources */ = {isa = PBXBuildFile; fileRef = 2E645E3E1617B2260083699A /* DateCalculationUtilTest.m */; };
		2E6FBFA118E7646700B267BC /* hglass-2.png in Resources */ = {isa = PBXBuildFile; fileRef = 2E6FBF9F18E7646700B267BC /* hglass-2.png */; };
		2E71CCAD1834A19F0022C509 /* hglass-ipad_retina-port.png in Resources */ = {isa = PBXBuildFile; fileRef = 2E71CCAC1834A19F0022C509 /* hglass-ipad_retina-port.png */; };
		2E73E1A11839B525004B3A33 /* ret_ipad_hglass@2x.png in Resources */ = {isa = PBXBuildFile; fileRef = 2E73E1A01839B525004B3A33 /* ret_ipad_hglass@2x.png */; };
		2E77A1F718DFC063007A14CC /* q_icon.png in Resources */ = {isa = PBXBuildFile; fileRef = 2E77A1F618DFC063007A14CC /* q_icon.png */; };
		2E83347B15E026F800E2A5BB /* DateCalculationUtil.m in Sources */ = {isa = PBXBuildFile; fileRef = 2E83347A15E026F800E2A5BB /* DateCalculationUtil.m */; };
		2E96850C17488A3E005E25F6 /* QuartzCore.framework in Frameworks */ = {isa = PBXBuildFile; fileRef = 2E4A0347173DF88E00C23B8B /* QuartzCore.framework */; };
		2E9DC8CB17EF2D0300AD679B /* Countries.plist in Resources */ = {isa = PBXBuildFile; fileRef = 2E9DC8CA17EF2D0300AD679B /* Countries.plist */; };
		2EF0C792188C9F1C0090176E /* Twitter_logo_white.png in Resources */ = {isa = PBXBuildFile; fileRef = 2EF0C791188C9F1C0090176E /* Twitter_logo_white.png */; };
		2EF47CF8181A30DE0006B704 /* Images.xcassets in Resources */ = {isa = PBXBuildFile; fileRef = 2EF47CF7181A30DE0006B704 /* Images.xcassets */; };
		2EF7236717CAD99C00D17FFE /* Default-568h@2x.png in Resources */ = {isa = PBXBuildFile; fileRef = 2E43B2B51612BF26000E984B /* Default-568h@2x.png */; };
		6522B65F18BD16490086824A /* FileHandler.m in Sources */ = {isa = PBXBuildFile; fileRef = 6522B65E18BD16490086824A /* FileHandler.m */; };
		6522B66118BD1F7E0086824A /* HelpViewTests.m in Sources */ = {isa = PBXBuildFile; fileRef = 6522B66018BD1F7D0086824A /* HelpViewTests.m */; };
		6522B66418BD27240086824A /* XCTest.framework in Frameworks */ = {isa = PBXBuildFile; fileRef = 6522B66218BD266D0086824A /* XCTest.framework */; };
		6522B66618BD4A280086824A /* ConfigViewControllerTests.m in Sources */ = {isa = PBXBuildFile; fileRef = 6522B66518BD4A280086824A /* ConfigViewControllerTests.m */; };
		652727A018A5B3BD00B7558E /* settings.png in Resources */ = {isa = PBXBuildFile; fileRef = 6527279F18A5B3BD00B7558E /* settings.png */; };
		6562DE4C193E309F00208DEA /* FB-72.png in Resources */ = {isa = PBXBuildFile; fileRef = 6562DE4B193E309F00208DEA /* FB-72.png */; };
		65BBA71018F5CF2A00DE7CDC /* SpriteKit.framework in Frameworks */ = {isa = PBXBuildFile; fileRef = 65BBA70F18F5CF2A00DE7CDC /* SpriteKit.framework */; };
		65BBA71318F5CF7600DE7CDC /* RainParticle.sks in Resources */ = {isa = PBXBuildFile; fileRef = 65BBA71118F5CF7600DE7CDC /* RainParticle.sks */; };
		65BBA71718F5D00B00DE7CDC /* MyScene.m in Sources */ = {isa = PBXBuildFile; fileRef = 65BBA71618F5D00B00DE7CDC /* MyScene.m */; };
		65CD199F1936982A00C0CA0D /* SnowParticle.sks in Resources */ = {isa = PBXBuildFile; fileRef = 65CD199E1936982A00C0CA0D /* SnowParticle.sks */; };
		65D304F81891B0C30023F39A /* CoreGraphics.framework in Frameworks */ = {isa = PBXBuildFile; fileRef = 2E21049C151ED7BB00D0B523 /* CoreGraphics.framework */; };
		65D3B02218E4E43E00507529 /* PWProgressView.m in Sources */ = {isa = PBXBuildFile; fileRef = 65D3B02118E4E43E00507529 /* PWProgressView.m */; };
/* End PBXBuildFile section */

/* Begin PBXContainerItemProxy section */
		2E2104BA151ED7BB00D0B523 /* PBXContainerItemProxy */ = {
			isa = PBXContainerItemProxy;
			containerPortal = 2E21048B151ED7BA00D0B523 /* Project object */;
			proxyType = 1;
			remoteGlobalIDString = 2E210493151ED7BA00D0B523;
			remoteInfo = LifeCountDown;
		};
/* End PBXContainerItemProxy section */

/* Begin PBXFileReference section */
		2E194E0317E9EE7A0075C651 /* hglass.png */ = {isa = PBXFileReference; lastKnownFileType = image.png; path = hglass.png; sourceTree = "<group>"; };
		2E210494151ED7BA00D0B523 /* Life Count.app */ = {isa = PBXFileReference; explicitFileType = wrapper.application; includeInIndex = 0; path = "Life Count.app"; sourceTree = BUILT_PRODUCTS_DIR; };
		2E210498151ED7BA00D0B523 /* UIKit.framework */ = {isa = PBXFileReference; lastKnownFileType = wrapper.framework; name = UIKit.framework; path = System/Library/Frameworks/UIKit.framework; sourceTree = SDKROOT; };
		2E21049A151ED7BB00D0B523 /* Foundation.framework */ = {isa = PBXFileReference; lastKnownFileType = wrapper.framework; name = Foundation.framework; path = System/Library/Frameworks/Foundation.framework; sourceTree = SDKROOT; };
		2E21049C151ED7BB00D0B523 /* CoreGraphics.framework */ = {isa = PBXFileReference; lastKnownFileType = wrapper.framework; name = CoreGraphics.framework; path = System/Library/Frameworks/CoreGraphics.framework; sourceTree = SDKROOT; };
		2E2104A0151ED7BB00D0B523 /* Life Count-Info.plist */ = {isa = PBXFileReference; lastKnownFileType = text.plist.xml; path = "Life Count-Info.plist"; sourceTree = "<group>"; };
		2E2104A2151ED7BB00D0B523 /* en */ = {isa = PBXFileReference; lastKnownFileType = text.plist.strings; name = en; path = en.lproj/InfoPlist.strings; sourceTree = "<group>"; };
		2E2104A4151ED7BB00D0B523 /* main.m */ = {isa = PBXFileReference; lastKnownFileType = sourcecode.c.objc; path = main.m; sourceTree = "<group>"; };
		2E2104A6151ED7BB00D0B523 /* Life Count-Prefix.pch */ = {isa = PBXFileReference; lastKnownFileType = sourcecode.c.h; path = "Life Count-Prefix.pch"; sourceTree = "<group>"; };
		2E2104A7151ED7BB00D0B523 /* AppDelegate.h */ = {isa = PBXFileReference; lastKnownFileType = sourcecode.c.h; path = AppDelegate.h; sourceTree = "<group>"; };
		2E2104A8151ED7BB00D0B523 /* AppDelegate.m */ = {isa = PBXFileReference; lastKnownFileType = sourcecode.c.objc; path = AppDelegate.m; sourceTree = "<group>"; };
		2E2104AA151ED7BB00D0B523 /* ViewController.h */ = {isa = PBXFileReference; lastKnownFileType = sourcecode.c.h; path = ViewController.h; sourceTree = "<group>"; };
		2E2104AB151ED7BB00D0B523 /* ViewController.m */ = {isa = PBXFileReference; lastKnownFileType = sourcecode.c.objc; path = ViewController.m; sourceTree = "<group>"; };
		2E2104AE151ED7BB00D0B523 /* en */ = {isa = PBXFileReference; lastKnownFileType = file.xib; name = en; path = en.lproj/ViewController.xib; sourceTree = "<group>"; };
		2E2104B5151ED7BB00D0B523 /* Life CountTests.xctest */ = {isa = PBXFileReference; explicitFileType = wrapper.cfbundle; includeInIndex = 0; path = "Life CountTests.xctest"; sourceTree = BUILT_PRODUCTS_DIR; };
		2E2104BE151ED7BB00D0B523 /* Life CountTests-Info.plist */ = {isa = PBXFileReference; lastKnownFileType = text.plist.xml; path = "Life CountTests-Info.plist"; sourceTree = "<group>"; };
		2E2104C0151ED7BB00D0B523 /* en */ = {isa = PBXFileReference; lastKnownFileType = text.plist.strings; name = en; path = en.lproj/InfoPlist.strings; sourceTree = "<group>"; };
		2E2104C2151ED7BB00D0B523 /* LifeCountDownTests.h */ = {isa = PBXFileReference; lastKnownFileType = sourcecode.c.h; path = LifeCountDownTests.h; sourceTree = "<group>"; };
		2E2104C3151ED7BB00D0B523 /* LifeCountDownTests.m */ = {isa = PBXFileReference; lastKnownFileType = sourcecode.c.objc; path = LifeCountDownTests.m; sourceTree = "<group>"; };
		2E2104D1151ED8A400D0B523 /* ConfigViewController.h */ = {isa = PBXFileReference; fileEncoding = 4; lastKnownFileType = sourcecode.c.h; path = ConfigViewController.h; sourceTree = "<group>"; };
		2E2104D2151ED8A400D0B523 /* ConfigViewController.m */ = {isa = PBXFileReference; fileEncoding = 4; lastKnownFileType = sourcecode.c.objc; path = ConfigViewController.m; sourceTree = "<group>"; };
		2E2104D3151ED8A400D0B523 /* ConfigViewController.xib */ = {isa = PBXFileReference; fileEncoding = 4; lastKnownFileType = file.xib; path = ConfigViewController.xib; sourceTree = "<group>"; };
		2E27E811177C134C009FBFC7 /* HelpView.h */ = {isa = PBXFileReference; fileEncoding = 4; lastKnownFileType = sourcecode.c.h; path = HelpView.h; sourceTree = "<group>"; };
		2E27E812177C134C009FBFC7 /* HelpView.m */ = {isa = PBXFileReference; fileEncoding = 4; lastKnownFileType = sourcecode.c.objc; path = HelpView.m; sourceTree = "<group>"; };
		2E43B2B51612BF26000E984B /* Default-568h@2x.png */ = {isa = PBXFileReference; lastKnownFileType = image.png; path = "Default-568h@2x.png"; sourceTree = "<group>"; };
		2E47C1A115CF93F1002213C3 /* Data.plist */ = {isa = PBXFileReference; fileEncoding = 4; lastKnownFileType = text.plist.xml; path = Data.plist; sourceTree = "<group>"; };
		2E4A0347173DF88E00C23B8B /* QuartzCore.framework */ = {isa = PBXFileReference; lastKnownFileType = wrapper.framework; name = QuartzCore.framework; path = System/Library/Frameworks/QuartzCore.framework; sourceTree = SDKROOT; };
		2E4C77EF188F998B00D0910A /* Accounts.framework */ = {isa = PBXFileReference; lastKnownFileType = wrapper.framework; name = Accounts.framework; path = System/Library/Frameworks/Accounts.framework; sourceTree = SDKROOT; };
		2E4C77F1188F999400D0910A /* Social.framework */ = {isa = PBXFileReference; lastKnownFileType = wrapper.framework; name = Social.framework; path = System/Library/Frameworks/Social.framework; sourceTree = SDKROOT; };
		2E5B774B183C73CC00CC6510 /* IpadControllerViewController.h */ = {isa = PBXFileReference; fileEncoding = 4; lastKnownFileType = sourcecode.c.h; path = IpadControllerViewController.h; sourceTree = "<group>"; };
		2E5B774C183C73CC00CC6510 /* IpadControllerViewController.m */ = {isa = PBXFileReference; fileEncoding = 4; lastKnownFileType = sourcecode.c.objc; path = IpadControllerViewController.m; sourceTree = "<group>"; };
		2E5B774D183C73CC00CC6510 /* IpadControllerViewController.xib */ = {isa = PBXFileReference; fileEncoding = 4; lastKnownFileType = file.xib; path = IpadControllerViewController.xib; sourceTree = "<group>"; };
		2E645E3D1617B2260083699A /* DateCalculationUtilTest.h */ = {isa = PBXFileReference; fileEncoding = 4; lastKnownFileType = sourcecode.c.h; name = DateCalculationUtilTest.h; path = LifeCountDownTests/DateCalculationUtilTest.h; sourceTree = SOURCE_ROOT; };
		2E645E3E1617B2260083699A /* DateCalculationUtilTest.m */ = {isa = PBXFileReference; fileEncoding = 4; lastKnownFileType = sourcecode.c.objc; name = DateCalculationUtilTest.m; path = LifeCountDownTests/DateCalculationUtilTest.m; sourceTree = SOURCE_ROOT; };
		2E6FBF9F18E7646700B267BC /* hglass-2.png */ = {isa = PBXFileReference; lastKnownFileType = image.png; path = "hglass-2.png"; sourceTree = "<group>"; };
		2E71CCAC1834A19F0022C509 /* hglass-ipad_retina-port.png */ = {isa = PBXFileReference; lastKnownFileType = image.png; name = "hglass-ipad_retina-port.png"; path = "../hglass-ipad_retina-port.png"; sourceTree = "<group>"; };
		2E73E1A01839B525004B3A33 /* ret_ipad_hglass@2x.png */ = {isa = PBXFileReference; lastKnownFileType = image.png; name = "ret_ipad_hglass@2x.png"; path = "../ret_ipad_hglass@2x.png"; sourceTree = "<group>"; };
		2E77A1F618DFC063007A14CC /* q_icon.png */ = {isa = PBXFileReference; lastKnownFileType = image.png; path = q_icon.png; sourceTree = "<group>"; };
		2E83347915E026F800E2A5BB /* DateCalculationUtil.h */ = {isa = PBXFileReference; fileEncoding = 4; lastKnownFileType = sourcecode.c.h; path = DateCalculationUtil.h; sourceTree = "<group>"; };
		2E83347A15E026F800E2A5BB /* DateCalculationUtil.m */ = {isa = PBXFileReference; fileEncoding = 4; lastKnownFileType = sourcecode.c.objc; path = DateCalculationUtil.m; sourceTree = "<group>"; };
		2E9DC8CA17EF2D0300AD679B /* Countries.plist */ = {isa = PBXFileReference; fileEncoding = 4; lastKnownFileType = text.plist.xml; path = Countries.plist; sourceTree = "<group>"; };
		2EF0C791188C9F1C0090176E /* Twitter_logo_white.png */ = {isa = PBXFileReference; lastKnownFileType = image.png; path = Twitter_logo_white.png; sourceTree = "<group>"; };
		2EF47CF7181A30DE0006B704 /* Images.xcassets */ = {isa = PBXFileReference; lastKnownFileType = folder.assetcatalog; name = Images.xcassets; path = "Life Count/Images.xcassets"; sourceTree = "<group>"; };
		6522B65D18BD16490086824A /* FileHandler.h */ = {isa = PBXFileReference; fileEncoding = 4; lastKnownFileType = sourcecode.c.h; path = FileHandler.h; sourceTree = "<group>"; };
		6522B65E18BD16490086824A /* FileHandler.m */ = {isa = PBXFileReference; fileEncoding = 4; lastKnownFileType = sourcecode.c.objc; path = FileHandler.m; sourceTree = "<group>"; };
		6522B66018BD1F7D0086824A /* HelpViewTests.m */ = {isa = PBXFileReference; fileEncoding = 4; lastKnownFileType = sourcecode.c.objc; path = HelpViewTests.m; sourceTree = "<group>"; };
		6522B66218BD266D0086824A /* XCTest.framework */ = {isa = PBXFileReference; lastKnownFileType = wrapper.framework; name = XCTest.framework; path = Library/Frameworks/XCTest.framework; sourceTree = DEVELOPER_DIR; };
		6522B66518BD4A280086824A /* ConfigViewControllerTests.m */ = {isa = PBXFileReference; fileEncoding = 4; lastKnownFileType = sourcecode.c.objc; path = ConfigViewControllerTests.m; sourceTree = "<group>"; };
		6527279F18A5B3BD00B7558E /* settings.png */ = {isa = PBXFileReference; lastKnownFileType = image.png; path = settings.png; sourceTree = "<group>"; };
		6562DE4B193E309F00208DEA /* FB-72.png */ = {isa = PBXFileReference; lastKnownFileType = image.png; path = "FB-72.png"; sourceTree = "<group>"; };
		65BBA70F18F5CF2A00DE7CDC /* SpriteKit.framework */ = {isa = PBXFileReference; lastKnownFileType = wrapper.framework; name = SpriteKit.framework; path = System/Library/Frameworks/SpriteKit.framework; sourceTree = SDKROOT; };
		65BBA71118F5CF7600DE7CDC /* RainParticle.sks */ = {isa = PBXFileReference; lastKnownFileType = file.sks; name = RainParticle.sks; path = ../RainParticle.sks; sourceTree = "<group>"; };
		65BBA71518F5D00B00DE7CDC /* MyScene.h */ = {isa = PBXFileReference; fileEncoding = 4; lastKnownFileType = sourcecode.c.h; path = MyScene.h; sourceTree = "<group>"; };
		65BBA71618F5D00B00DE7CDC /* MyScene.m */ = {isa = PBXFileReference; fileEncoding = 4; lastKnownFileType = sourcecode.c.objc; path = MyScene.m; sourceTree = "<group>"; };
		65CD199E1936982A00C0CA0D /* SnowParticle.sks */ = {isa = PBXFileReference; lastKnownFileType = file.sks; name = SnowParticle.sks; path = ../SnowParticle.sks; sourceTree = "<group>"; };
		65D304F51891AF3D0023F39A /* CoreText.framework */ = {isa = PBXFileReference; lastKnownFileType = wrapper.framework; name = CoreText.framework; path = System/Library/Frameworks/CoreText.framework; sourceTree = SDKROOT; };
		65D3B02018E4E43E00507529 /* PWProgressView.h */ = {isa = PBXFileReference; fileEncoding = 4; lastKnownFileType = sourcecode.c.h; path = PWProgressView.h; sourceTree = "<group>"; };
		65D3B02118E4E43E00507529 /* PWProgressView.m */ = {isa = PBXFileReference; fileEncoding = 4; lastKnownFileType = sourcecode.c.objc; path = PWProgressView.m; sourceTree = "<group>"; };
		65D53D7218B6C5D5004A8E26 /* CoreImage.framework */ = {isa = PBXFileReference; lastKnownFileType = wrapper.framework; name = CoreImage.framework; path = System/Library/Frameworks/CoreImage.framework; sourceTree = SDKROOT; };
/* End PBXFileReference section */

/* Begin PBXFrameworksBuildPhase section */
		2E210491151ED7BA00D0B523 /* Frameworks */ = {
			isa = PBXFrameworksBuildPhase;
			buildActionMask = 2147483647;
			files = (
				65BBA71018F5CF2A00DE7CDC /* SpriteKit.framework in Frameworks */,
				2E210499151ED7BB00D0B523 /* UIKit.framework in Frameworks */,
				2E4C77F2188F999400D0910A /* Social.framework in Frameworks */,
				2E4C77F0188F998B00D0910A /* Accounts.framework in Frameworks */,
				2E4A0348173DF88E00C23B8B /* QuartzCore.framework in Frameworks */,
				2E21049B151ED7BB00D0B523 /* Foundation.framework in Frameworks */,
				2E21049D151ED7BB00D0B523 /* CoreGraphics.framework in Frameworks */,
			);
			runOnlyForDeploymentPostprocessing = 0;
		};
		2E2104B1151ED7BB00D0B523 /* Frameworks */ = {
			isa = PBXFrameworksBuildPhase;
			buildActionMask = 2147483647;
			files = (
				6522B66418BD27240086824A /* XCTest.framework in Frameworks */,
				65D304F81891B0C30023F39A /* CoreGraphics.framework in Frameworks */,
				2E96850C17488A3E005E25F6 /* QuartzCore.framework in Frameworks */,
				2E2104B8151ED7BB00D0B523 /* UIKit.framework in Frameworks */,
				2E2104B9151ED7BB00D0B523 /* Foundation.framework in Frameworks */,
			);
			runOnlyForDeploymentPostprocessing = 0;
		};
/* End PBXFrameworksBuildPhase section */

/* Begin PBXGroup section */
		2E210489151ED7BA00D0B523 = {
			isa = PBXGroup;
			children = (
				2EF47CF7181A30DE0006B704 /* Images.xcassets */,
				2E4A0347173DF88E00C23B8B /* QuartzCore.framework */,
				2E43B2B51612BF26000E984B /* Default-568h@2x.png */,
				2E21049E151ED7BB00D0B523 /* LifeCountDown */,
				2E2104BC151ED7BB00D0B523 /* LifeCountDownTests */,
				2E210497151ED7BA00D0B523 /* Frameworks */,
				2E210495151ED7BA00D0B523 /* Products */,
			);
			sourceTree = "<group>";
		};
		2E210495151ED7BA00D0B523 /* Products */ = {
			isa = PBXGroup;
			children = (
				2E210494151ED7BA00D0B523 /* Life Count.app */,
				2E2104B5151ED7BB00D0B523 /* Life CountTests.xctest */,
			);
			name = Products;
			sourceTree = "<group>";
		};
		2E210497151ED7BA00D0B523 /* Frameworks */ = {
			isa = PBXGroup;
			children = (
				65BBA70F18F5CF2A00DE7CDC /* SpriteKit.framework */,
				6522B66218BD266D0086824A /* XCTest.framework */,
				65D53D7218B6C5D5004A8E26 /* CoreImage.framework */,
				65D304F51891AF3D0023F39A /* CoreText.framework */,
				2E4C77F1188F999400D0910A /* Social.framework */,
				2E4C77EF188F998B00D0910A /* Accounts.framework */,
				2E210498151ED7BA00D0B523 /* UIKit.framework */,
				2E21049A151ED7BB00D0B523 /* Foundation.framework */,
				2E21049C151ED7BB00D0B523 /* CoreGraphics.framework */,
			);
			name = Frameworks;
			sourceTree = "<group>";
		};
		2E21049E151ED7BB00D0B523 /* LifeCountDown */ = {
			isa = PBXGroup;
			children = (
				2E635E5517796F2E00B85650 /* Xibs */,
				2E635E5417796F1F00B85650 /* Controllers */,
				65D3B02018E4E43E00507529 /* PWProgressView.h */,
				65D3B02118E4E43E00507529 /* PWProgressView.m */,
				2E83347915E026F800E2A5BB /* DateCalculationUtil.h */,
				2E83347A15E026F800E2A5BB /* DateCalculationUtil.m */,
				6522B65D18BD16490086824A /* FileHandler.h */,
				6522B65E18BD16490086824A /* FileHandler.m */,
				2E27E811177C134C009FBFC7 /* HelpView.h */,
				2E27E812177C134C009FBFC7 /* HelpView.m */,
				2E2104A7151ED7BB00D0B523 /* AppDelegate.h */,
				2E2104A8151ED7BB00D0B523 /* AppDelegate.m */,
				2E2104A4151ED7BB00D0B523 /* main.m */,
				2E21049F151ED7BB00D0B523 /* Supporting Files */,
			);
			path = LifeCountDown;
			sourceTree = "<group>";
		};
		2E21049F151ED7BB00D0B523 /* Supporting Files */ = {
			isa = PBXGroup;
			children = (
				6562DE4B193E309F00208DEA /* FB-72.png */,
				65BBA71518F5D00B00DE7CDC /* MyScene.h */,
				65BBA71618F5D00B00DE7CDC /* MyScene.m */,
				65CD199E1936982A00C0CA0D /* SnowParticle.sks */,
				65BBA71118F5CF7600DE7CDC /* RainParticle.sks */,
				2E6FBF9F18E7646700B267BC /* hglass-2.png */,
				2E77A1F618DFC063007A14CC /* q_icon.png */,
				6527279F18A5B3BD00B7558E /* settings.png */,
				2EF0C791188C9F1C0090176E /* Twitter_logo_white.png */,
				2E73E1A01839B525004B3A33 /* ret_ipad_hglass@2x.png */,
				2E71CCAC1834A19F0022C509 /* hglass-ipad_retina-port.png */,
				2E47C1A115CF93F1002213C3 /* Data.plist */,
				2E9DC8CA17EF2D0300AD679B /* Countries.plist */,
				2E194E0317E9EE7A0075C651 /* hglass.png */,
				2E2104A0151ED7BB00D0B523 /* Life Count-Info.plist */,
				2E2104A1151ED7BB00D0B523 /* InfoPlist.strings */,
				2E2104A6151ED7BB00D0B523 /* Life Count-Prefix.pch */,
			);
			name = "Supporting Files";
			sourceTree = "<group>";
		};
		2E2104BC151ED7BB00D0B523 /* LifeCountDownTests */ = {
			isa = PBXGroup;
			children = (
				6522B66518BD4A280086824A /* ConfigViewControllerTests.m */,
				2E645E3D1617B2260083699A /* DateCalculationUtilTest.h */,
				2E645E3E1617B2260083699A /* DateCalculationUtilTest.m */,
				2E2104C2151ED7BB00D0B523 /* LifeCountDownTests.h */,
				2E2104C3151ED7BB00D0B523 /* LifeCountDownTests.m */,
				6522B66018BD1F7D0086824A /* HelpViewTests.m */,
				2E2104BD151ED7BB00D0B523 /* Supporting Files */,
			);
			path = LifeCountDownTests;
			sourceTree = "<group>";
		};
		2E2104BD151ED7BB00D0B523 /* Supporting Files */ = {
			isa = PBXGroup;
			children = (
				2E2104BE151ED7BB00D0B523 /* Life CountTests-Info.plist */,
				2E2104BF151ED7BB00D0B523 /* InfoPlist.strings */,
			);
			name = "Supporting Files";
			sourceTree = "<group>";
		};
		2E635E5417796F1F00B85650 /* Controllers */ = {
			isa = PBXGroup;
			children = (
				2E2104AA151ED7BB00D0B523 /* ViewController.h */,
				2E2104AB151ED7BB00D0B523 /* ViewController.m */,
				2E5B774B183C73CC00CC6510 /* IpadControllerViewController.h */,
				2E5B774C183C73CC00CC6510 /* IpadControllerViewController.m */,
				2E2104D1151ED8A400D0B523 /* ConfigViewController.h */,
				2E2104D2151ED8A400D0B523 /* ConfigViewController.m */,
			);
			name = Controllers;
			sourceTree = "<group>";
		};
		2E635E5517796F2E00B85650 /* Xibs */ = {
			isa = PBXGroup;
			children = (
				2E2104AD151ED7BB00D0B523 /* ViewController.xib */,
				2E5B774D183C73CC00CC6510 /* IpadControllerViewController.xib */,
				2E2104D3151ED8A400D0B523 /* ConfigViewController.xib */,
			);
			name = Xibs;
			sourceTree = "<group>";
		};
/* End PBXGroup section */

/* Begin PBXNativeTarget section */
		2E210493151ED7BA00D0B523 /* Life Count */ = {
			isa = PBXNativeTarget;
			buildConfigurationList = 2E2104C7151ED7BB00D0B523 /* Build configuration list for PBXNativeTarget "Life Count" */;
			buildPhases = (
				2E210490151ED7BA00D0B523 /* Sources */,
				2E210491151ED7BA00D0B523 /* Frameworks */,
				2E210492151ED7BA00D0B523 /* Resources */,
			);
			buildRules = (
			);
			dependencies = (
			);
			name = "Life Count";
			productName = LifeCountDown;
			productReference = 2E210494151ED7BA00D0B523 /* Life Count.app */;
			productType = "com.apple.product-type.application";
		};
		2E2104B4151ED7BB00D0B523 /* Life CountTests */ = {
			isa = PBXNativeTarget;
			buildConfigurationList = 2E2104CA151ED7BB00D0B523 /* Build configuration list for PBXNativeTarget "Life CountTests" */;
			buildPhases = (
				2E2104B0151ED7BB00D0B523 /* Sources */,
				2E2104B1151ED7BB00D0B523 /* Frameworks */,
				2E2104B2151ED7BB00D0B523 /* Resources */,
			);
			buildRules = (
			);
			dependencies = (
				2E2104BB151ED7BB00D0B523 /* PBXTargetDependency */,
			);
			name = "Life CountTests";
			productName = LifeCountDownTests;
			productReference = 2E2104B5151ED7BB00D0B523 /* Life CountTests.xctest */;
			productType = "com.apple.product-type.bundle.unit-test";
		};
/* End PBXNativeTarget section */

/* Begin PBXProject section */
		2E21048B151ED7BA00D0B523 /* Project object */ = {
			isa = PBXProject;
			attributes = {
				LastUpgradeCheck = 0510;
				TargetAttributes = {
					2E210493151ED7BA00D0B523 = {
						DevelopmentTeam = 745BECY8K2;
					};
				};
			};
			buildConfigurationList = 2E21048E151ED7BA00D0B523 /* Build configuration list for PBXProject "Life Count" */;
			compatibilityVersion = "Xcode 3.2";
			developmentRegion = English;
			hasScannedForEncodings = 0;
			knownRegions = (
				en,
			);
			mainGroup = 2E210489151ED7BA00D0B523;
			productRefGroup = 2E210495151ED7BA00D0B523 /* Products */;
			projectDirPath = "";
			projectRoot = "";
			targets = (
				2E210493151ED7BA00D0B523 /* Life Count */,
				2E2104B4151ED7BB00D0B523 /* Life CountTests */,
			);
		};
/* End PBXProject section */

/* Begin PBXResourcesBuildPhase section */
		2E210492151ED7BA00D0B523 /* Resources */ = {
			isa = PBXResourcesBuildPhase;
			buildActionMask = 2147483647;
			files = (
				2E71CCAD1834A19F0022C509 /* hglass-ipad_retina-port.png in Resources */,
				2E2104A3151ED7BB00D0B523 /* InfoPlist.strings in Resources */,
				2EF0C792188C9F1C0090176E /* Twitter_logo_white.png in Resources */,
				652727A018A5B3BD00B7558E /* settings.png in Resources */,
				2E73E1A11839B525004B3A33 /* ret_ipad_hglass@2x.png in Resources */,
				65BBA71318F5CF7600DE7CDC /* RainParticle.sks in Resources */,
				2E2104AF151ED7BB00D0B523 /* ViewController.xib in Resources */,
				2E77A1F718DFC063007A14CC /* q_icon.png in Resources */,
				6562DE4C193E309F00208DEA /* FB-72.png in Resources */,
				2E6FBFA118E7646700B267BC /* hglass-2.png in Resources */,
				65CD199F1936982A00C0CA0D /* SnowParticle.sks in Resources */,
				2E2104D6151ED8A400D0B523 /* ConfigViewController.xib in Resources */,
				2E47C1A215CF93F1002213C3 /* Data.plist in Resources */,
				2E9DC8CB17EF2D0300AD679B /* Countries.plist in Resources */,
				2EF7236717CAD99C00D17FFE /* Default-568h@2x.png in Resources */,
				2E5B774F183C73CC00CC6510 /* IpadControllerViewController.xib in Resources */,
				2EF47CF8181A30DE0006B704 /* Images.xcassets in Resources */,
				2E194E0417E9EE7A0075C651 /* hglass.png in Resources */,
			);
			runOnlyForDeploymentPostprocessing = 0;
		};
		2E2104B2151ED7BB00D0B523 /* Resources */ = {
			isa = PBXResourcesBuildPhase;
			buildActionMask = 2147483647;
			files = (
				2E2104C1151ED7BB00D0B523 /* InfoPlist.strings in Resources */,
				2E2104D7151ED8A400D0B523 /* ConfigViewController.xib in Resources */,
			);
			runOnlyForDeploymentPostprocessing = 0;
		};
/* End PBXResourcesBuildPhase section */

/* Begin PBXSourcesBuildPhase section */
		2E210490151ED7BA00D0B523 /* Sources */ = {
			isa = PBXSourcesBuildPhase;
			buildActionMask = 2147483647;
			files = (
				65BBA71718F5D00B00DE7CDC /* MyScene.m in Sources */,
				2E2104A5151ED7BB00D0B523 /* main.m in Sources */,
				2E5B774E183C73CC00CC6510 /* IpadControllerViewController.m in Sources */,
				6522B65F18BD16490086824A /* FileHandler.m in Sources */,
				2E2104AC151ED7BB00D0B523 /* ViewController.m in Sources */,
				2E2104D4151ED8A400D0B523 /* ConfigViewController.m in Sources */,
				2E428A611854131A000E79E7 /* AppDelegate.m in Sources */,
				65D3B02218E4E43E00507529 /* PWProgressView.m in Sources */,
				2E83347B15E026F800E2A5BB /* DateCalculationUtil.m in Sources */,
				2E27E813177C134C009FBFC7 /* HelpView.m in Sources */,
			);
			runOnlyForDeploymentPostprocessing = 0;
		};
		2E2104B0151ED7BB00D0B523 /* Sources */ = {
			isa = PBXSourcesBuildPhase;
			buildActionMask = 2147483647;
			files = (
				2E2C23A31799E676003551F6 /* DateCalculationUtil.m in Sources */,
				2E2104C4151ED7BB00D0B523 /* LifeCountDownTests.m in Sources */,
				6522B66618BD4A280086824A /* ConfigViewControllerTests.m in Sources */,
				2E2104D5151ED8A400D0B523 /* ConfigViewController.m in Sources */,
				2E645E3F1617B2260083699A /* DateCalculationUtilTest.m in Sources */,
				6522B66118BD1F7E0086824A /* HelpViewTests.m in Sources */,
			);
			runOnlyForDeploymentPostprocessing = 0;
		};
/* End PBXSourcesBuildPhase section */

/* Begin PBXTargetDependency section */
		2E2104BB151ED7BB00D0B523 /* PBXTargetDependency */ = {
			isa = PBXTargetDependency;
			target = 2E210493151ED7BA00D0B523 /* Life Count */;
			targetProxy = 2E2104BA151ED7BB00D0B523 /* PBXContainerItemProxy */;
		};
/* End PBXTargetDependency section */

/* Begin PBXVariantGroup section */
		2E2104A1151ED7BB00D0B523 /* InfoPlist.strings */ = {
			isa = PBXVariantGroup;
			children = (
				2E2104A2151ED7BB00D0B523 /* en */,
			);
			name = InfoPlist.strings;
			sourceTree = "<group>";
		};
		2E2104AD151ED7BB00D0B523 /* ViewController.xib */ = {
			isa = PBXVariantGroup;
			children = (
				2E2104AE151ED7BB00D0B523 /* en */,
			);
			name = ViewController.xib;
			sourceTree = "<group>";
		};
		2E2104BF151ED7BB00D0B523 /* InfoPlist.strings */ = {
			isa = PBXVariantGroup;
			children = (
				2E2104C0151ED7BB00D0B523 /* en */,
			);
			name = InfoPlist.strings;
			sourceTree = "<group>";
		};
/* End PBXVariantGroup section */

/* Begin XCBuildConfiguration section */
		2E2104C5151ED7BB00D0B523 /* Debug */ = {
			isa = XCBuildConfiguration;
			buildSettings = {
				ALWAYS_SEARCH_USER_PATHS = NO;
				CLANG_ENABLE_OBJC_ARC = YES;
				CLANG_WARN_BOOL_CONVERSION = YES;
				CLANG_WARN_CONSTANT_CONVERSION = YES;
				CLANG_WARN_EMPTY_BODY = YES;
				CLANG_WARN_ENUM_CONVERSION = YES;
				CLANG_WARN_INT_CONVERSION = YES;
				CLANG_WARN__DUPLICATE_METHOD_MATCH = YES;
				CODE_SIGN_IDENTITY = "iPhone Developer: NATHAN WISMAN (Z8GZDZ94LR)";
				"CODE_SIGN_IDENTITY[sdk=iphoneos*]" = "iPhone Developer: NATHAN WISMAN (Z8GZDZ94LR)";
				COPY_PHASE_STRIP = NO;
				GCC_C_LANGUAGE_STANDARD = gnu99;
				GCC_DYNAMIC_NO_PIC = NO;
				GCC_OPTIMIZATION_LEVEL = 0;
				GCC_PREPROCESSOR_DEFINITIONS = (
					"DEBUG=1",
					"$(inherited)",
				);
				GCC_SYMBOLS_PRIVATE_EXTERN = NO;
				GCC_VERSION = com.apple.compilers.llvm.clang.1_0;
				GCC_WARN_64_TO_32_BIT_CONVERSION = YES;
				GCC_WARN_ABOUT_RETURN_TYPE = YES;
				GCC_WARN_UNDECLARED_SELECTOR = YES;
				GCC_WARN_UNINITIALIZED_AUTOS = YES;
				GCC_WARN_UNUSED_FUNCTION = YES;
				GCC_WARN_UNUSED_VARIABLE = YES;
				IPHONEOS_DEPLOYMENT_TARGET = 7.0;
				ONLY_ACTIVE_ARCH = YES;
				PROVISIONING_PROFILE = "";
				"PROVISIONING_PROFILE[sdk=iphoneos*]" = "";
				SDKROOT = iphoneos;
			};
			name = Debug;
		};
		2E2104C6151ED7BB00D0B523 /* Release */ = {
			isa = XCBuildConfiguration;
			buildSettings = {
				ALWAYS_SEARCH_USER_PATHS = NO;
				CLANG_ENABLE_OBJC_ARC = YES;
				CLANG_WARN_BOOL_CONVERSION = YES;
				CLANG_WARN_CONSTANT_CONVERSION = YES;
				CLANG_WARN_EMPTY_BODY = YES;
				CLANG_WARN_ENUM_CONVERSION = YES;
				CLANG_WARN_INT_CONVERSION = YES;
				CLANG_WARN__DUPLICATE_METHOD_MATCH = YES;
				CODE_SIGN_IDENTITY = "iPhone Developer: NATHAN WISMAN (Z8GZDZ94LR)";
				"CODE_SIGN_IDENTITY[sdk=iphoneos*]" = "iPhone Developer: NATHAN WISMAN (Z8GZDZ94LR)";
				COPY_PHASE_STRIP = YES;
				GCC_C_LANGUAGE_STANDARD = gnu99;
				GCC_VERSION = com.apple.compilers.llvm.clang.1_0;
				GCC_WARN_64_TO_32_BIT_CONVERSION = YES;
				GCC_WARN_ABOUT_RETURN_TYPE = YES;
				GCC_WARN_UNDECLARED_SELECTOR = YES;
				GCC_WARN_UNINITIALIZED_AUTOS = YES;
				GCC_WARN_UNUSED_FUNCTION = YES;
				GCC_WARN_UNUSED_VARIABLE = YES;
				IPHONEOS_DEPLOYMENT_TARGET = 7.0;
				OTHER_CFLAGS = "-DNS_BLOCK_ASSERTIONS=1";
				PROVISIONING_PROFILE = "";
				"PROVISIONING_PROFILE[sdk=iphoneos*]" = "";
				SDKROOT = iphoneos;
				VALIDATE_PRODUCT = YES;
			};
			name = Release;
		};
		2E2104C8151ED7BB00D0B523 /* Debug */ = {
			isa = XCBuildConfiguration;
			buildSettings = {
				ASSETCATALOG_COMPILER_APPICON_NAME = AppIcon;
				ASSETCATALOG_COMPILER_LAUNCHIMAGE_NAME = LaunchImage;
				CODE_SIGN_IDENTITY = "iPhone Developer";
				"CODE_SIGN_IDENTITY[sdk=iphoneos*]" = "iPhone Developer";
				FRAMEWORK_SEARCH_PATHS = (
					"$(inherited)",
					"$(DEVELOPER_FRAMEWORKS_DIR)",
				);
				GCC_PRECOMPILE_PREFIX_HEADER = YES;
				GCC_PREFIX_HEADER = "LifeCountDown/Life Count-Prefix.pch";
				INFOPLIST_FILE = "LifeCountDown/Life Count-Info.plist";
				IPHONEOS_DEPLOYMENT_TARGET = 7.1;
				ONLY_ACTIVE_ARCH = NO;
				PRODUCT_NAME = "Life Count";
				PROVISIONING_PROFILE = "";
				TARGETED_DEVICE_FAMILY = "1,2";
				VALIDATE_PRODUCT = YES;
				WRAPPER_EXTENSION = app;
			};
			name = Debug;
		};
		2E2104C9151ED7BB00D0B523 /* Release */ = {
			isa = XCBuildConfiguration;
			buildSettings = {
				ASSETCATALOG_COMPILER_APPICON_NAME = AppIcon;
				ASSETCATALOG_COMPILER_LAUNCHIMAGE_NAME = LaunchImage;
				CODE_SIGN_IDENTITY = "iPhone Developer";
				"CODE_SIGN_IDENTITY[sdk=iphoneos*]" = "iPhone Developer";
				FRAMEWORK_SEARCH_PATHS = (
					"$(inherited)",
					"$(DEVELOPER_FRAMEWORKS_DIR)",
				);
				GCC_PRECOMPILE_PREFIX_HEADER = YES;
				GCC_PREFIX_HEADER = "LifeCountDown/Life Count-Prefix.pch";
				INFOPLIST_FILE = "LifeCountDown/Life Count-Info.plist";
				IPHONEOS_DEPLOYMENT_TARGET = 7.1;
				PRODUCT_NAME = "Life Count";
				PROVISIONING_PROFILE = "";
				TARGETED_DEVICE_FAMILY = "1,2";
				VALIDATE_PRODUCT = NO;
				WRAPPER_EXTENSION = app;
			};
			name = Release;
		};
		2E2104CB151ED7BB00D0B523 /* Debug */ = {
			isa = XCBuildConfiguration;
			buildSettings = {
				BUNDLE_LOADER = "$(BUILT_PRODUCTS_DIR)/Life Count.app/Life Count";
				FRAMEWORK_SEARCH_PATHS = (
					"$(SDKROOT)/Developer/Library/Frameworks",
					"$(inherited)",
					"$(DEVELOPER_FRAMEWORKS_DIR)",
				);
				GCC_PRECOMPILE_PREFIX_HEADER = YES;
				GCC_PREFIX_HEADER = "LifeCountDown/Life Count-Prefix.pch";
				INFOPLIST_FILE = "LifeCountDownTests/Life CountTests-Info.plist";
				PRODUCT_NAME = "Life CountTests";
				TEST_HOST = "$(BUNDLE_LOADER)";
			};
			name = Debug;
		};
		2E2104CC151ED7BB00D0B523 /* Release */ = {
			isa = XCBuildConfiguration;
			buildSettings = {
				BUNDLE_LOADER = "$(BUILT_PRODUCTS_DIR)/Life Count.app/Life Count";
				FRAMEWORK_SEARCH_PATHS = (
					"$(SDKROOT)/Developer/Library/Frameworks",
					"$(inherited)",
					"$(DEVELOPER_FRAMEWORKS_DIR)",
				);
				GCC_PRECOMPILE_PREFIX_HEADER = YES;
				GCC_PREFIX_HEADER = "LifeCountDown/Life Count-Prefix.pch";
				INFOPLIST_FILE = "LifeCountDownTests/Life CountTests-Info.plist";
				PRODUCT_NAME = "Life CountTests";
				TEST_HOST = "$(BUNDLE_LOADER)";
			};
			name = Release;
		};
/* End XCBuildConfiguration section */

/* Begin XCConfigurationList section */
		2E21048E151ED7BA00D0B523 /* Build configuration list for PBXProject "Life Count" */ = {
			isa = XCConfigurationList;
			buildConfigurations = (
				2E2104C5151ED7BB00D0B523 /* Debug */,
				2E2104C6151ED7BB00D0B523 /* Release */,
			);
			defaultConfigurationIsVisible = 0;
			defaultConfigurationName = Release;
		};
		2E2104C7151ED7BB00D0B523 /* Build configuration list for PBXNativeTarget "Life Count" */ = {
			isa = XCConfigurationList;
			buildConfigurations = (
				2E2104C8151ED7BB00D0B523 /* Debug */,
				2E2104C9151ED7BB00D0B523 /* Release */,
			);
			defaultConfigurationIsVisible = 0;
			defaultConfigurationName = Release;
		};
		2E2104CA151ED7BB00D0B523 /* Build configuration list for PBXNativeTarget "Life CountTests" */ = {
			isa = XCConfigurationList;
			buildConfigurations = (
				2E2104CB151ED7BB00D0B523 /* Debug */,
				2E2104CC151ED7BB00D0B523 /* Release */,
			);
			defaultConfigurationIsVisible = 0;
			defaultConfigurationName = Release;
		};
/* End XCConfigurationList section */
	};
	rootObject = 2E21048B151ED7BA00D0B523 /* Project object */;
}
