// !$*UTF8*$!
{
	archiveVersion = 1;
	classes = {
	};
	objectVersion = 46;
	objects = {

/* Begin PBXBuildFile section */
		2E210499151ED7BB00D0B523 /* UIKit.framework in Frameworks */ = {isa = PBXBuildFile; fileRef = 2E210498151ED7BA00D0B523 /* UIKit.framework */; };
		2E21049B151ED7BB00D0B523 /* Foundation.framework in Frameworks */ = {isa = PBXBuildFile; fileRef = 2E21049A151ED7BB00D0B523 /* Foundation.framework */; };
		2E21049D151ED7BB00D0B523 /* CoreGraphics.framework in Frameworks */ = {isa = PBXBuildFile; fileRef = 2E21049C151ED7BB00D0B523 /* CoreGraphics.framework */; };
		2E2104A3151ED7BB00D0B523 /* InfoPlist.strings in Resources */ = {isa = PBXBuildFile; fileRef = 2E2104A1151ED7BB00D0B523 /* InfoPlist.strings */; };
		2E2104A5151ED7BB00D0B523 /* main.m in Sources */ = {isa = PBXBuildFile; fileRef = 2E2104A4151ED7BB00D0B523 /* main.m */; };
		2E2104A9151ED7BB00D0B523 /* AppDelegate.m in Sources */ = {isa = PBXBuildFile; fileRef = 2E2104A8151ED7BB00D0B523 /* AppDelegate.m */; };
		2E2104AC151ED7BB00D0B523 /* ViewController.m in Sources */ = {isa = PBXBuildFile; fileRef = 2E2104AB151ED7BB00D0B523 /* ViewController.m */; };
		2E2104AF151ED7BB00D0B523 /* ViewController.xib in Resources */ = {isa = PBXBuildFile; fileRef = 2E2104AD151ED7BB00D0B523 /* ViewController.xib */; };
		2E2104B7151ED7BB00D0B523 /* SenTestingKit.framework in Frameworks */ = {isa = PBXBuildFile; fileRef = 2E2104B6151ED7BB00D0B523 /* SenTestingKit.framework */; };
		2E2104B8151ED7BB00D0B523 /* UIKit.framework in Frameworks */ = {isa = PBXBuildFile; fileRef = 2E210498151ED7BA00D0B523 /* UIKit.framework */; };
		2E2104B9151ED7BB00D0B523 /* Foundation.framework in Frameworks */ = {isa = PBXBuildFile; fileRef = 2E21049A151ED7BB00D0B523 /* Foundation.framework */; };
		2E2104C1151ED7BB00D0B523 /* InfoPlist.strings in Resources */ = {isa = PBXBuildFile; fileRef = 2E2104BF151ED7BB00D0B523 /* InfoPlist.strings */; };
		2E2104C4151ED7BB00D0B523 /* LifeCountDownTests.m in Sources */ = {isa = PBXBuildFile; fileRef = 2E2104C3151ED7BB00D0B523 /* LifeCountDownTests.m */; };
		2E2104D4151ED8A400D0B523 /* ConfigViewController.m in Sources */ = {isa = PBXBuildFile; fileRef = 2E2104D2151ED8A400D0B523 /* ConfigViewController.m */; };
		2E2104D5151ED8A400D0B523 /* ConfigViewController.m in Sources */ = {isa = PBXBuildFile; fileRef = 2E2104D2151ED8A400D0B523 /* ConfigViewController.m */; };
		2E2104D6151ED8A400D0B523 /* ConfigViewController.xib in Resources */ = {isa = PBXBuildFile; fileRef = 2E2104D3151ED8A400D0B523 /* ConfigViewController.xib */; };
		2E2104D7151ED8A400D0B523 /* ConfigViewController.xib in Resources */ = {isa = PBXBuildFile; fileRef = 2E2104D3151ED8A400D0B523 /* ConfigViewController.xib */; };
		2E43B2B61612BF26000E984B /* Default-568h@2x.png in Resources */ = {isa = PBXBuildFile; fileRef = 2E43B2B51612BF26000E984B /* Default-568h@2x.png */; };
		2E47C1A215CF93F1002213C3 /* Data.plist in Resources */ = {isa = PBXBuildFile; fileRef = 2E47C1A115CF93F1002213C3 /* Data.plist */; };
		2E4A0348173DF88E00C23B8B /* QuartzCore.framework in Frameworks */ = {isa = PBXBuildFile; fileRef = 2E4A0347173DF88E00C23B8B /* QuartzCore.framework */; };
		2E645E3F1617B2260083699A /* DateCalculationUtilTest.m in Sources */ = {isa = PBXBuildFile; fileRef = 2E645E3E1617B2260083699A /* DateCalculationUtilTest.m */; };
		2E83347B15E026F800E2A5BB /* DateCalculationUtil.m in Sources */ = {isa = PBXBuildFile; fileRef = 2E83347A15E026F800E2A5BB /* DateCalculationUtil.m */; };
		2E8F663D1741EBED00CAE131 /* blk_tile-drk.png in Resources */ = {isa = PBXBuildFile; fileRef = 2E8F663C1741EBED00CAE131 /* blk_tile-drk.png */; };
		2E96850C17488A3E005E25F6 /* QuartzCore.framework in Frameworks */ = {isa = PBXBuildFile; fileRef = 2E4A0347173DF88E00C23B8B /* QuartzCore.framework */; };
/* End PBXBuildFile section */

/* Begin PBXContainerItemProxy section */
		2E2104BA151ED7BB00D0B523 /* PBXContainerItemProxy */ = {
			isa = PBXContainerItemProxy;
			containerPortal = 2E21048B151ED7BA00D0B523 /* Project object */;
			proxyType = 1;
			remoteGlobalIDString = 2E210493151ED7BA00D0B523;
			remoteInfo = LifeCountDown;
		};
/* End PBXContainerItemProxy section */

/* Begin PBXFileReference section */
		2E210494151ED7BA00D0B523 /* LifeCountDown.app */ = {isa = PBXFileReference; explicitFileType = wrapper.application; includeInIndex = 0; path = LifeCountDown.app; sourceTree = BUILT_PRODUCTS_DIR; };
		2E210498151ED7BA00D0B523 /* UIKit.framework */ = {isa = PBXFileReference; lastKnownFileType = wrapper.framework; name = UIKit.framework; path = System/Library/Frameworks/UIKit.framework; sourceTree = SDKROOT; };
		2E21049A151ED7BB00D0B523 /* Foundation.framework */ = {isa = PBXFileReference; lastKnownFileType = wrapper.framework; name = Foundation.framework; path = System/Library/Frameworks/Foundation.framework; sourceTree = SDKROOT; };
		2E21049C151ED7BB00D0B523 /* CoreGraphics.framework */ = {isa = PBXFileReference; lastKnownFileType = wrapper.framework; name = CoreGraphics.framework; path = System/Library/Frameworks/CoreGraphics.framework; sourceTree = SDKROOT; };
		2E2104A0151ED7BB00D0B523 /* LifeCountDown-Info.plist */ = {isa = PBXFileReference; lastKnownFileType = text.plist.xml; path = "LifeCountDown-Info.plist"; sourceTree = "<group>"; };
		2E2104A2151ED7BB00D0B523 /* en */ = {isa = PBXFileReference; lastKnownFileType = text.plist.strings; name = en; path = en.lproj/InfoPlist.strings; sourceTree = "<group>"; };
		2E2104A4151ED7BB00D0B523 /* main.m */ = {isa = PBXFileReference; lastKnownFileType = sourcecode.c.objc; path = main.m; sourceTree = "<group>"; };
		2E2104A6151ED7BB00D0B523 /* LifeCountDown-Prefix.pch */ = {isa = PBXFileReference; lastKnownFileType = sourcecode.c.h; path = "LifeCountDown-Prefix.pch"; sourceTree = "<group>"; };
		2E2104A7151ED7BB00D0B523 /* AppDelegate.h */ = {isa = PBXFileReference; lastKnownFileType = sourcecode.c.h; path = AppDelegate.h; sourceTree = "<group>"; };
		2E2104A8151ED7BB00D0B523 /* AppDelegate.m */ = {isa = PBXFileReference; lastKnownFileType = sourcecode.c.objc; path = AppDelegate.m; sourceTree = "<group>"; };
		2E2104AA151ED7BB00D0B523 /* ViewController.h */ = {isa = PBXFileReference; lastKnownFileType = sourcecode.c.h; path = ViewController.h; sourceTree = "<group>"; };
		2E2104AB151ED7BB00D0B523 /* ViewController.m */ = {isa = PBXFileReference; lastKnownFileType = sourcecode.c.objc; path = ViewController.m; sourceTree = "<group>"; };
		2E2104AE151ED7BB00D0B523 /* en */ = {isa = PBXFileReference; lastKnownFileType = file.xib; name = en; path = en.lproj/ViewController.xib; sourceTree = "<group>"; };
		2E2104B5151ED7BB00D0B523 /* LifeCountDownTests.octest */ = {isa = PBXFileReference; explicitFileType = wrapper.cfbundle; includeInIndex = 0; path = LifeCountDownTests.octest; sourceTree = BUILT_PRODUCTS_DIR; };
		2E2104B6151ED7BB00D0B523 /* SenTestingKit.framework */ = {isa = PBXFileReference; lastKnownFileType = wrapper.framework; name = SenTestingKit.framework; path = Library/Frameworks/SenTestingKit.framework; sourceTree = DEVELOPER_DIR; };
		2E2104BE151ED7BB00D0B523 /* LifeCountDownTests-Info.plist */ = {isa = PBXFileReference; lastKnownFileType = text.plist.xml; path = "LifeCountDownTests-Info.plist"; sourceTree = "<group>"; };
		2E2104C0151ED7BB00D0B523 /* en */ = {isa = PBXFileReference; lastKnownFileType = text.plist.strings; name = en; path = en.lproj/InfoPlist.strings; sourceTree = "<group>"; };
		2E2104C2151ED7BB00D0B523 /* LifeCountDownTests.h */ = {isa = PBXFileReference; lastKnownFileType = sourcecode.c.h; path = LifeCountDownTests.h; sourceTree = "<group>"; };
		2E2104C3151ED7BB00D0B523 /* LifeCountDownTests.m */ = {isa = PBXFileReference; lastKnownFileType = sourcecode.c.objc; path = LifeCountDownTests.m; sourceTree = "<group>"; };
		2E2104D1151ED8A400D0B523 /* ConfigViewController.h */ = {isa = PBXFileReference; fileEncoding = 4; lastKnownFileType = sourcecode.c.h; path = ConfigViewController.h; sourceTree = "<group>"; };
		2E2104D2151ED8A400D0B523 /* ConfigViewController.m */ = {isa = PBXFileReference; fileEncoding = 4; lastKnownFileType = sourcecode.c.objc; path = ConfigViewController.m; sourceTree = "<group>"; };
		2E2104D3151ED8A400D0B523 /* ConfigViewController.xib */ = {isa = PBXFileReference; fileEncoding = 4; lastKnownFileType = file.xib; path = ConfigViewController.xib; sourceTree = "<group>"; };
		2E43B2B51612BF26000E984B /* Default-568h@2x.png */ = {isa = PBXFileReference; lastKnownFileType = image.png; path = "Default-568h@2x.png"; sourceTree = "<group>"; };
		2E47C1A115CF93F1002213C3 /* Data.plist */ = {isa = PBXFileReference; fileEncoding = 4; lastKnownFileType = text.plist.xml; path = Data.plist; sourceTree = "<group>"; };
		2E4A0347173DF88E00C23B8B /* QuartzCore.framework */ = {isa = PBXFileReference; lastKnownFileType = wrapper.framework; name = QuartzCore.framework; path = System/Library/Frameworks/QuartzCore.framework; sourceTree = SDKROOT; };
		2E645E3D1617B2260083699A /* DateCalculationUtilTest.h */ = {isa = PBXFileReference; fileEncoding = 4; lastKnownFileType = sourcecode.c.h; name = DateCalculationUtilTest.h; path = LifeCountDownTests/DateCalculationUtilTest.h; sourceTree = SOURCE_ROOT; };
		2E645E3E1617B2260083699A /* DateCalculationUtilTest.m */ = {isa = PBXFileReference; fileEncoding = 4; lastKnownFileType = sourcecode.c.objc; name = DateCalculationUtilTest.m; path = LifeCountDownTests/DateCalculationUtilTest.m; sourceTree = SOURCE_ROOT; };
		2E83347915E026F800E2A5BB /* DateCalculationUtil.h */ = {isa = PBXFileReference; fileEncoding = 4; lastKnownFileType = sourcecode.c.h; path = DateCalculationUtil.h; sourceTree = "<group>"; };
		2E83347A15E026F800E2A5BB /* DateCalculationUtil.m */ = {isa = PBXFileReference; fileEncoding = 4; lastKnownFileType = sourcecode.c.objc; path = DateCalculationUtil.m; sourceTree = "<group>"; };
		2E8F663C1741EBED00CAE131 /* blk_tile-drk.png */ = {isa = PBXFileReference; lastKnownFileType = image.png; path = "blk_tile-drk.png"; sourceTree = "<group>"; };
/* End PBXFileReference section */

/* Begin PBXFrameworksBuildPhase section */
		2E210491151ED7BA00D0B523 /* Frameworks */ = {
			isa = PBXFrameworksBuildPhase;
			buildActionMask = 2147483647;
			files = (
				2E4A0348173DF88E00C23B8B /* QuartzCore.framework in Frameworks */,
				2E210499151ED7BB00D0B523 /* UIKit.framework in Frameworks */,
				2E21049B151ED7BB00D0B523 /* Foundation.framework in Frameworks */,
				2E21049D151ED7BB00D0B523 /* CoreGraphics.framework in Frameworks */,
			);
			runOnlyForDeploymentPostprocessing = 0;
		};
		2E2104B1151ED7BB00D0B523 /* Frameworks */ = {
			isa = PBXFrameworksBuildPhase;
			buildActionMask = 2147483647;
			files = (
				2E96850C17488A3E005E25F6 /* QuartzCore.framework in Frameworks */,
				2E2104B7151ED7BB00D0B523 /* SenTestingKit.framework in Frameworks */,
				2E2104B8151ED7BB00D0B523 /* UIKit.framework in Frameworks */,
				2E2104B9151ED7BB00D0B523 /* Foundation.framework in Frameworks */,
			);
			runOnlyForDeploymentPostprocessing = 0;
		};
/* End PBXFrameworksBuildPhase section */

/* Begin PBXGroup section */
		2E210489151ED7BA00D0B523 = {
			isa = PBXGroup;
			children = (
				2E4A0347173DF88E00C23B8B /* QuartzCore.framework */,
				2E43B2B51612BF26000E984B /* Default-568h@2x.png */,
				2E21049E151ED7BB00D0B523 /* LifeCountDown */,
				2E2104BC151ED7BB00D0B523 /* LifeCountDownTests */,
				2E210497151ED7BA00D0B523 /* Frameworks */,
				2E210495151ED7BA00D0B523 /* Products */,
			);
			sourceTree = "<group>";
		};
		2E210495151ED7BA00D0B523 /* Products */ = {
			isa = PBXGroup;
			children = (
				2E210494151ED7BA00D0B523 /* LifeCountDown.app */,
				2E2104B5151ED7BB00D0B523 /* LifeCountDownTests.octest */,
			);
			name = Products;
			sourceTree = "<group>";
		};
		2E210497151ED7BA00D0B523 /* Frameworks */ = {
			isa = PBXGroup;
			children = (
				2E210498151ED7BA00D0B523 /* UIKit.framework */,
				2E21049A151ED7BB00D0B523 /* Foundation.framework */,
				2E21049C151ED7BB00D0B523 /* CoreGraphics.framework */,
				2E2104B6151ED7BB00D0B523 /* SenTestingKit.framework */,
			);
			name = Frameworks;
			sourceTree = "<group>";
		};
		2E21049E151ED7BB00D0B523 /* LifeCountDown */ = {
			isa = PBXGroup;
			children = (
				2E83347915E026F800E2A5BB /* DateCalculationUtil.h */,
				2E83347A15E026F800E2A5BB /* DateCalculationUtil.m */,
				2E47C1A115CF93F1002213C3 /* Data.plist */,
				2E2104D1151ED8A400D0B523 /* ConfigViewController.h */,
				2E2104D2151ED8A400D0B523 /* ConfigViewController.m */,
				2E2104D3151ED8A400D0B523 /* ConfigViewController.xib */,
				2E2104A7151ED7BB00D0B523 /* AppDelegate.h */,
				2E2104A8151ED7BB00D0B523 /* AppDelegate.m */,
				2E2104AA151ED7BB00D0B523 /* ViewController.h */,
				2E2104AB151ED7BB00D0B523 /* ViewController.m */,
				2E2104AD151ED7BB00D0B523 /* ViewController.xib */,
				2E21049F151ED7BB00D0B523 /* Supporting Files */,
			);
			path = LifeCountDown;
			sourceTree = "<group>";
		};
		2E21049F151ED7BB00D0B523 /* Supporting Files */ = {
			isa = PBXGroup;
			children = (
				2E8F663C1741EBED00CAE131 /* blk_tile-drk.png */,
				2E2104A0151ED7BB00D0B523 /* LifeCountDown-Info.plist */,
				2E2104A1151ED7BB00D0B523 /* InfoPlist.strings */,
				2E2104A4151ED7BB00D0B523 /* main.m */,
				2E2104A6151ED7BB00D0B523 /* LifeCountDown-Prefix.pch */,
			);
			name = "Supporting Files";
			sourceTree = "<group>";
		};
		2E2104BC151ED7BB00D0B523 /* LifeCountDownTests */ = {
			isa = PBXGroup;
			children = (
				2E645E3D1617B2260083699A /* DateCalculationUtilTest.h */,
				2E645E3E1617B2260083699A /* DateCalculationUtilTest.m */,
				2E2104C2151ED7BB00D0B523 /* LifeCountDownTests.h */,
				2E2104C3151ED7BB00D0B523 /* LifeCountDownTests.m */,
				2E2104BD151ED7BB00D0B523 /* Supporting Files */,
			);
			path = LifeCountDownTests;
			sourceTree = "<group>";
		};
		2E2104BD151ED7BB00D0B523 /* Supporting Files */ = {
			isa = PBXGroup;
			children = (
				2E2104BE151ED7BB00D0B523 /* LifeCountDownTests-Info.plist */,
				2E2104BF151ED7BB00D0B523 /* InfoPlist.strings */,
			);
			name = "Supporting Files";
			sourceTree = "<group>";
		};
/* End PBXGroup section */

/* Begin PBXNativeTarget section */
		2E210493151ED7BA00D0B523 /* LifeCountDown */ = {
			isa = PBXNativeTarget;
			buildConfigurationList = 2E2104C7151ED7BB00D0B523 /* Build configuration list for PBXNativeTarget "LifeCountDown" */;
			buildPhases = (
				2E210490151ED7BA00D0B523 /* Sources */,
				2E210491151ED7BA00D0B523 /* Frameworks */,
				2E210492151ED7BA00D0B523 /* Resources */,
			);
			buildRules = (
			);
			dependencies = (
			);
			name = LifeCountDown;
			productName = LifeCountDown;
			productReference = 2E210494151ED7BA00D0B523 /* LifeCountDown.app */;
			productType = "com.apple.product-type.application";
		};
		2E2104B4151ED7BB00D0B523 /* LifeCountDownTests */ = {
			isa = PBXNativeTarget;
			buildConfigurationList = 2E2104CA151ED7BB00D0B523 /* Build configuration list for PBXNativeTarget "LifeCountDownTests" */;
			buildPhases = (
				2E2104B0151ED7BB00D0B523 /* Sources */,
				2E2104B1151ED7BB00D0B523 /* Frameworks */,
				2E2104B2151ED7BB00D0B523 /* Resources */,
				2E2104B3151ED7BB00D0B523 /* ShellScript */,
			);
			buildRules = (
			);
			dependencies = (
				2E2104BB151ED7BB00D0B523 /* PBXTargetDependency */,
			);
			name = LifeCountDownTests;
			productName = LifeCountDownTests;
			productReference = 2E2104B5151ED7BB00D0B523 /* LifeCountDownTests.octest */;
			productType = "com.apple.product-type.bundle";
		};
/* End PBXNativeTarget section */

/* Begin PBXProject section */
		2E21048B151ED7BA00D0B523 /* Project object */ = {
			isa = PBXProject;
			attributes = {
				LastUpgradeCheck = 0460;
			};
			buildConfigurationList = 2E21048E151ED7BA00D0B523 /* Build configuration list for PBXProject "LifeCountDown" */;
			compatibilityVersion = "Xcode 3.2";
			developmentRegion = English;
			hasScannedForEncodings = 0;
			knownRegions = (
				en,
			);
			mainGroup = 2E210489151ED7BA00D0B523;
			productRefGroup = 2E210495151ED7BA00D0B523 /* Products */;
			projectDirPath = "";
			projectRoot = "";
			targets = (
				2E210493151ED7BA00D0B523 /* LifeCountDown */,
				2E2104B4151ED7BB00D0B523 /* LifeCountDownTests */,
			);
		};
/* End PBXProject section */

/* Begin PBXResourcesBuildPhase section */
		2E210492151ED7BA00D0B523 /* Resources */ = {
			isa = PBXResourcesBuildPhase;
			buildActionMask = 2147483647;
			files = (
				2E8F663D1741EBED00CAE131 /* blk_tile-drk.png in Resources */,
				2E2104A3151ED7BB00D0B523 /* InfoPlist.strings in Resources */,
				2E2104AF151ED7BB00D0B523 /* ViewController.xib in Resources */,
				2E2104D6151ED8A400D0B523 /* ConfigViewController.xib in Resources */,
				2E47C1A215CF93F1002213C3 /* Data.plist in Resources */,
				2E43B2B61612BF26000E984B /* Default-568h@2x.png in Resources */,
			);
			runOnlyForDeploymentPostprocessing = 0;
		};
		2E2104B2151ED7BB00D0B523 /* Resources */ = {
			isa = PBXResourcesBuildPhase;
			buildActionMask = 2147483647;
			files = (
				2E2104C1151ED7BB00D0B523 /* InfoPlist.strings in Resources */,
				2E2104D7151ED8A400D0B523 /* ConfigViewController.xib in Resources */,
			);
			runOnlyForDeploymentPostprocessing = 0;
		};
/* End PBXResourcesBuildPhase section */

/* Begin PBXShellScriptBuildPhase section */
		2E2104B3151ED7BB00D0B523 /* ShellScript */ = {
			isa = PBXShellScriptBuildPhase;
			buildActionMask = 2147483647;
			files = (
			);
			inputPaths = (
			);
			outputPaths = (
			);
			runOnlyForDeploymentPostprocessing = 0;
			shellPath = /bin/sh;
			shellScript = "# Run the unit tests in this test bundle.\n\"${SYSTEM_DEVELOPER_DIR}/Tools/RunUnitTests\"\n";
		};
/* End PBXShellScriptBuildPhase section */

/* Begin PBXSourcesBuildPhase section */
		2E210490151ED7BA00D0B523 /* Sources */ = {
			isa = PBXSourcesBuildPhase;
			buildActionMask = 2147483647;
			files = (
				2E2104A5151ED7BB00D0B523 /* main.m in Sources */,
				2E2104A9151ED7BB00D0B523 /* AppDelegate.m in Sources */,
				2E2104AC151ED7BB00D0B523 /* ViewController.m in Sources */,
				2E2104D4151ED8A400D0B523 /* ConfigViewController.m in Sources */,
				2E83347B15E026F800E2A5BB /* DateCalculationUtil.m in Sources */,
			);
			runOnlyForDeploymentPostprocessing = 0;
		};
		2E2104B0151ED7BB00D0B523 /* Sources */ = {
			isa = PBXSourcesBuildPhase;
			buildActionMask = 2147483647;
			files = (
				2E2104C4151ED7BB00D0B523 /* LifeCountDownTests.m in Sources */,
				2E2104D5151ED8A400D0B523 /* ConfigViewController.m in Sources */,
				2E645E3F1617B2260083699A /* DateCalculationUtilTest.m in Sources */,
			);
			runOnlyForDeploymentPostprocessing = 0;
		};
/* End PBXSourcesBuildPhase section */

/* Begin PBXTargetDependency section */
		2E2104BB151ED7BB00D0B523 /* PBXTargetDependency */ = {
			isa = PBXTargetDependency;
			target = 2E210493151ED7BA00D0B523 /* LifeCountDown */;
			targetProxy = 2E2104BA151ED7BB00D0B523 /* PBXContainerItemProxy */;
		};
/* End PBXTargetDependency section */

/* Begin PBXVariantGroup section */
		2E2104A1151ED7BB00D0B523 /* InfoPlist.strings */ = {
			isa = PBXVariantGroup;
			children = (
				2E2104A2151ED7BB00D0B523 /* en */,
			);
			name = InfoPlist.strings;
			sourceTree = "<group>";
		};
		2E2104AD151ED7BB00D0B523 /* ViewController.xib */ = {
			isa = PBXVariantGroup;
			children = (
				2E2104AE151ED7BB00D0B523 /* en */,
			);
			name = ViewController.xib;
			sourceTree = "<group>";
		};
		2E2104BF151ED7BB00D0B523 /* InfoPlist.strings */ = {
			isa = PBXVariantGroup;
			children = (
				2E2104C0151ED7BB00D0B523 /* en */,
			);
			name = InfoPlist.strings;
			sourceTree = "<group>";
		};
/* End PBXVariantGroup section */

/* Begin XCBuildConfiguration section */
		2E2104C5151ED7BB00D0B523 /* Debug */ = {
			isa = XCBuildConfiguration;
			buildSettings = {
				ALWAYS_SEARCH_USER_PATHS = NO;
				ARCHS = "$(ARCHS_STANDARD_32_BIT)";
				CLANG_ENABLE_OBJC_ARC = YES;
				CLANG_WARN_CONSTANT_CONVERSION = YES;
				CLANG_WARN_ENUM_CONVERSION = YES;
				CLANG_WARN_INT_CONVERSION = YES;
				CLANG_WARN__DUPLICATE_METHOD_MATCH = YES;
				"CODE_SIGN_IDENTITY[sdk=iphoneos*]" = "iPhone Developer";
				COPY_PHASE_STRIP = NO;
				GCC_C_LANGUAGE_STANDARD = gnu99;
				GCC_DYNAMIC_NO_PIC = NO;
				GCC_OPTIMIZATION_LEVEL = 0;
				GCC_PREPROCESSOR_DEFINITIONS = (
					"DEBUG=1",
					"$(inherited)",
				);
				GCC_SYMBOLS_PRIVATE_EXTERN = NO;
				GCC_VERSION = com.apple.compilers.llvm.clang.1_0;
				GCC_WARN_ABOUT_RETURN_TYPE = YES;
				GCC_WARN_UNINITIALIZED_AUTOS = YES;
				GCC_WARN_UNUSED_VARIABLE = YES;
				IPHONEOS_DEPLOYMENT_TARGET = 5.1;
				SDKROOT = iphoneos;
			};
			name = Debug;
		};
		2E2104C6151ED7BB00D0B523 /* Release */ = {
			isa = XCBuildConfiguration;
			buildSettings = {
				ALWAYS_SEARCH_USER_PATHS = NO;
				ARCHS = "$(ARCHS_STANDARD_32_BIT)";
				CLANG_ENABLE_OBJC_ARC = YES;
				CLANG_WARN_CONSTANT_CONVERSION = YES;
				CLANG_WARN_ENUM_CONVERSION = YES;
				CLANG_WARN_INT_CONVERSION = YES;
				CLANG_WARN__DUPLICATE_METHOD_MATCH = YES;
				"CODE_SIGN_IDENTITY[sdk=iphoneos*]" = "iPhone Developer";
				COPY_PHASE_STRIP = YES;
				GCC_C_LANGUAGE_STANDARD = gnu99;
				GCC_VERSION = com.apple.compilers.llvm.clang.1_0;
				GCC_WARN_ABOUT_RETURN_TYPE = YES;
				GCC_WARN_UNINITIALIZED_AUTOS = YES;
				GCC_WARN_UNUSED_VARIABLE = YES;
				IPHONEOS_DEPLOYMENT_TARGET = 5.1;
				OTHER_CFLAGS = "-DNS_BLOCK_ASSERTIONS=1";
				SDKROOT = iphoneos;
				VALIDATE_PRODUCT = YES;
			};
			name = Release;
		};
		2E2104C8151ED7BB00D0B523 /* Debug */ = {
			isa = XCBuildConfiguration;
			buildSettings = {
				GCC_PRECOMPILE_PREFIX_HEADER = YES;
				GCC_PREFIX_HEADER = "LifeCountDown/LifeCountDown-Prefix.pch";
				INFOPLIST_FILE = "LifeCountDown/LifeCountDown-Info.plist";
				PRODUCT_NAME = "$(TARGET_NAME)";
				WRAPPER_EXTENSION = app;
			};
			name = Debug;
		};
		2E2104C9151ED7BB00D0B523 /* Release */ = {
			isa = XCBuildConfiguration;
			buildSettings = {
				GCC_PRECOMPILE_PREFIX_HEADER = YES;
				GCC_PREFIX_HEADER = "LifeCountDown/LifeCountDown-Prefix.pch";
				INFOPLIST_FILE = "LifeCountDown/LifeCountDown-Info.plist";
				PRODUCT_NAME = "$(TARGET_NAME)";
				WRAPPER_EXTENSION = app;
			};
			name = Release;
		};
		2E2104CB151ED7BB00D0B523 /* Debug */ = {
			isa = XCBuildConfiguration;
			buildSettings = {
				BUNDLE_LOADER = "$(BUILT_PRODUCTS_DIR)/LifeCountDown.app/LifeCountDown";
				FRAMEWORK_SEARCH_PATHS = (
					"$(SDKROOT)/Developer/Library/Frameworks",
					"$(DEVELOPER_LIBRARY_DIR)/Frameworks",
				);
				GCC_PRECOMPILE_PREFIX_HEADER = YES;
				GCC_PREFIX_HEADER = "LifeCountDown/LifeCountDown-Prefix.pch";
				INFOPLIST_FILE = "LifeCountDownTests/LifeCountDownTests-Info.plist";
				PRODUCT_NAME = "$(TARGET_NAME)";
				TEST_HOST = "$(BUNDLE_LOADER)";
				WRAPPER_EXTENSION = octest;
			};
			name = Debug;
		};
		2E2104CC151ED7BB00D0B523 /* Release */ = {
			isa = XCBuildConfiguration;
			buildSettings = {
				BUNDLE_LOADER = "$(BUILT_PRODUCTS_DIR)/LifeCountDown.app/LifeCountDown";
				FRAMEWORK_SEARCH_PATHS = (
					"$(SDKROOT)/Developer/Library/Frameworks",
					"$(DEVELOPER_LIBRARY_DIR)/Frameworks",
				);
				GCC_PRECOMPILE_PREFIX_HEADER = YES;
				GCC_PREFIX_HEADER = "LifeCountDown/LifeCountDown-Prefix.pch";
				INFOPLIST_FILE = "LifeCountDownTests/LifeCountDownTests-Info.plist";
				PRODUCT_NAME = "$(TARGET_NAME)";
				TEST_HOST = "$(BUNDLE_LOADER)";
				WRAPPER_EXTENSION = octest;
			};
			name = Release;
		};
/* End XCBuildConfiguration section */

/* Begin XCConfigurationList section */
		2E21048E151ED7BA00D0B523 /* Build configuration list for PBXProject "LifeCountDown" */ = {
			isa = XCConfigurationList;
			buildConfigurations = (
				2E2104C5151ED7BB00D0B523 /* Debug */,
				2E2104C6151ED7BB00D0B523 /* Release */,
			);
			defaultConfigurationIsVisible = 0;
			defaultConfigurationName = Release;
		};
		2E2104C7151ED7BB00D0B523 /* Build configuration list for PBXNativeTarget "LifeCountDown" */ = {
			isa = XCConfigurationList;
			buildConfigurations = (
				2E2104C8151ED7BB00D0B523 /* Debug */,
				2E2104C9151ED7BB00D0B523 /* Release */,
			);
			defaultConfigurationIsVisible = 0;
			defaultConfigurationName = Release;
		};
		2E2104CA151ED7BB00D0B523 /* Build configuration list for PBXNativeTarget "LifeCountDownTests" */ = {
			isa = XCConfigurationList;
			buildConfigurations = (
				2E2104CB151ED7BB00D0B523 /* Debug */,
				2E2104CC151ED7BB00D0B523 /* Release */,
			);
			defaultConfigurationIsVisible = 0;
			defaultConfigurationName = Release;
		};
/* End XCConfigurationList section */
	};
	rootObject = 2E21048B151ED7BA00D0B523 /* Project object */;
}
